
Microsoft Visual Studio Solution File, Format Version 12.00
# Visual Studio Version 16
VisualStudioVersion = 16.0.30413.136
MinimumVisualStudioVersion = 10.0.40219.1
Project("{9A19103F-16F7-4668-BE54-9A1E7A4F7556}") = "INF 370.Group.25.ASP.NET.Core.API", "INF 370.Group.25.ASP.NET.Core.API\INF 370.Group.25.ASP.NET.Core.API.csproj", "{48C43CF2-BDDB-4EC5-8BBF-6883ED340320}"
EndProject
Project("{2150E333-8FDC-42A3-9474-1A3956D46DE8}") = "API", "API", "{3194DC8F-1906-40E8-8BEC-D29507C78029}"
EndProject
Project("{2150E333-8FDC-42A3-9474-1A3956D46DE8}") = "Core", "Core", "{ACA7E072-235D-4870-B594-8D1ED3B9E20A}"
EndProject
Project("{2150E333-8FDC-42A3-9474-1A3956D46DE8}") = "Infrastructure", "Infrastructure", "{27B1F5CB-30A5-4B6C-9B24-67E14384E7D6}"
EndProject
Project("{FAE04EC0-301F-11D3-BF4B-00C04F79EFBC}") = "25.Data", "25.Data\25.Data.csproj", "{A31C0979-0C58-427A-B2E1-D87BA05CF1CD}"
EndProject
Project("{FAE04EC0-301F-11D3-BF4B-00C04F79EFBC}") = "25.Communication", "25.Communication\25.Communication.csproj", "{1806D40B-3CCF-4003-9EAD-F42A33E95F37}"
EndProject
Project("{FAE04EC0-301F-11D3-BF4B-00C04F79EFBC}") = "25.Core", "25.Core\25.Core.csproj", "{75453635-5157-45D9-836C-21E952CEAC12}"
EndProject
Project("{FAE04EC0-301F-11D3-BF4B-00C04F79EFBC}") = "25.Services", "25.Services\25.Services.csproj", "{5C277FE3-CF10-4E0B-8B6A-EA4C3D7EE0A8}"
EndProject
Global
	GlobalSection(SolutionConfigurationPlatforms) = preSolution
		Debug|Any CPU = Debug|Any CPU
		Release|Any CPU = Release|Any CPU
	EndGlobalSection
	GlobalSection(ProjectConfigurationPlatforms) = postSolution
		{48C43CF2-BDDB-4EC5-8BBF-6883ED340320}.Debug|Any CPU.ActiveCfg = Debug|Any CPU
		{48C43CF2-BDDB-4EC5-8BBF-6883ED340320}.Debug|Any CPU.Build.0 = Debug|Any CPU
		{48C43CF2-BDDB-4EC5-8BBF-6883ED340320}.Release|Any CPU.ActiveCfg = Release|Any CPU
		{48C43CF2-BDDB-4EC5-8BBF-6883ED340320}.Release|Any CPU.Build.0 = Release|Any CPU
		{A31C0979-0C58-427A-B2E1-D87BA05CF1CD}.Debug|Any CPU.ActiveCfg = Debug|Any CPU
		{A31C0979-0C58-427A-B2E1-D87BA05CF1CD}.Debug|Any CPU.Build.0 = Debug|Any CPU
		{A31C0979-0C58-427A-B2E1-D87BA05CF1CD}.Release|Any CPU.ActiveCfg = Release|Any CPU
		{A31C0979-0C58-427A-B2E1-D87BA05CF1CD}.Release|Any CPU.Build.0 = Release|Any CPU
		{1806D40B-3CCF-4003-9EAD-F42A33E95F37}.Debug|Any CPU.ActiveCfg = Debug|Any CPU
		{1806D40B-3CCF-4003-9EAD-F42A33E95F37}.Debug|Any CPU.Build.0 = Debug|Any CPU
		{1806D40B-3CCF-4003-9EAD-F42A33E95F37}.Release|Any CPU.ActiveCfg = Release|Any CPU
		{1806D40B-3CCF-4003-9EAD-F42A33E95F37}.Release|Any CPU.Build.0 = Release|Any CPU
		{75453635-5157-45D9-836C-21E952CEAC12}.Debug|Any CPU.ActiveCfg = Debug|Any CPU
		{75453635-5157-45D9-836C-21E952CEAC12}.Debug|Any CPU.Build.0 = Debug|Any CPU
		{75453635-5157-45D9-836C-21E952CEAC12}.Release|Any CPU.ActiveCfg = Release|Any CPU
		{75453635-5157-45D9-836C-21E952CEAC12}.Release|Any CPU.Build.0 = Release|Any CPU
		{5C277FE3-CF10-4E0B-8B6A-EA4C3D7EE0A8}.Debug|Any CPU.ActiveCfg = Debug|Any CPU
		{5C277FE3-CF10-4E0B-8B6A-EA4C3D7EE0A8}.Debug|Any CPU.Build.0 = Debug|Any CPU
		{5C277FE3-CF10-4E0B-8B6A-EA4C3D7EE0A8}.Release|Any CPU.ActiveCfg = Release|Any CPU
		{5C277FE3-CF10-4E0B-8B6A-EA4C3D7EE0A8}.Release|Any CPU.Build.0 = Release|Any CPU
	EndGlobalSection
	GlobalSection(SolutionProperties) = preSolution
		HideSolutionNode = FALSE
	EndGlobalSection
	GlobalSection(NestedProjects) = preSolution
		{48C43CF2-BDDB-4EC5-8BBF-6883ED340320} = {3194DC8F-1906-40E8-8BEC-D29507C78029}
		{A31C0979-0C58-427A-B2E1-D87BA05CF1CD} = {27B1F5CB-30A5-4B6C-9B24-67E14384E7D6}
		{1806D40B-3CCF-4003-9EAD-F42A33E95F37} = {27B1F5CB-30A5-4B6C-9B24-67E14384E7D6}
		{75453635-5157-45D9-836C-21E952CEAC12} = {ACA7E072-235D-4870-B594-8D1ED3B9E20A}
		{5C277FE3-CF10-4E0B-8B6A-EA4C3D7EE0A8} = {ACA7E072-235D-4870-B594-8D1ED3B9E20A}
	EndGlobalSection
	GlobalSection(ExtensibilityGlobals) = postSolution
		SolutionGuid = {1E20CA6C-956D-4EC5-8041-2F7BD7AC7B00}
	EndGlobalSection
EndGlobal
